<?xml version="1.0" encoding="utf-8"?>
<Project ToolsVersion="4.0" xmlns="http://schemas.microsoft.com/developer/msbuild/2003">
  <ItemGroup>
    <Filter Include="Source Files">
      <UniqueIdentifier>{4FC737F1-C7A5-4376-A066-2A32D752A2FF}</UniqueIdentifier>
      <Extensions>cpp;c;cc;cxx;def;odl;idl;hpj;bat;asm;asmx</Extensions>
    </Filter>
    <Filter Include="Header Files">
      <UniqueIdentifier>{93995380-89BD-4b04-88EB-625FBE52EBFB}</UniqueIdentifier>
      <Extensions>h;hpp;hxx;hm;inl;inc;xsd</Extensions>
    </Filter>
    <Filter Include="Resource Files">
      <UniqueIdentifier>{67DA6AB6-F800-4c08-8B7A-83BB121AAD01}</UniqueIdentifier>
      <Extensions>rc;ico;cur;bmp;dlg;rc2;rct;bin;rgs;gif;jpg;jpeg;jpe;resx;tiff;tif;png;wav</Extensions>
    </Filter>
  </ItemGroup>
  <ItemGroup>
    <ClCompile Include="AudioEvent.cpp">
      <Filter>Source Files</Filter>
    </ClCompile>
    <ClCompile Include="consoleUtil.cpp">
      <Filter>Source Files</Filter>
    </ClCompile>
    <ClCompile Include="DataWriter2Event.cpp">
      <Filter>Source Files</Filter>
    </ClCompile>
    <ClCompile Include="DiscMaster2Event.cpp">
      <Filter>Source Files</Filter>
    </ClCompile>
    <ClCompile Include="erase.cpp">
      <Filter>Source Files</Filter>
    </ClCompile>
    <ClCompile Include="Erase2Event.cpp">
      <Filter>Source Files</Filter>
    </ClCompile>
    <ClCompile Include="imapi2sample.cpp">
      <Filter>Source Files</Filter>
    </ClCompile>
    <ClCompile Include="util.cpp">
      <Filter>Source Files</Filter>
    </ClCompile>
  </ItemGroup>
  <ItemGroup>
    <ClInclude Include="AudioEvent.h">
      <Filter>Header Files</Filter>
    </ClInclude>
    <ClInclude Include="common.h">
      <Filter>Header Files</Filter>
    </ClInclude>
    <ClInclude Include="consoleUtil.h">
      <Filter>Header Files</Filter>
    </ClInclude>
    <ClInclude Include="DataWriter2Event.h">
      <Filter>Header Files</Filter>
    </ClInclude>
    <ClInclude Include="DiscMaster2Event.h">
      <Filter>Header Files</Filter>
    </ClInclude>
    <ClInclude Include="Erase2Event.h">
      <Filter>Header Files</Filter>
    </ClInclude>
    <ClInclude Include="imapi2sample.h">
      <Filter>Header Files</Filter>
    </ClInclude>
  </ItemGroup>
  <ItemGroup>
    <ResourceCompile Include="imapi2sample.rc">
      <Filter>Resource Files</Filter>
    </ResourceCompile>
  </ItemGroup>
</Project>